
Microsoft Visual Studio Solution File, Format Version 12.00
# Visual Studio Version 16
VisualStudioVersion = 16.0.29424.173
MinimumVisualStudioVersion = 10.0.40219.1
Project("{FAE04EC0-301F-11D3-BF4B-00C04F79EFBC}") = "YetAnotherBank", "YetAnotherBank\YetAnotherBank.csproj", "{293B37FE-5586-4D16-A359-7E0FEB862DE9}"
EndProject
Project("{FAE04EC0-301F-11D3-BF4B-00C04F79EFBC}") = "YAB.Models", "YAB.Models\YAB.Models.csproj", "{A0AE8B2C-F702-4CA5-9D23-7D603B511A65}"
EndProject
Global
	GlobalSection(SolutionConfigurationPlatforms) = preSolution
		Debug|Any CPU = Debug|Any CPU
		Release|Any CPU = Release|Any CPU
	EndGlobalSection
	GlobalSection(ProjectConfigurationPlatforms) = postSolution
		{293B37FE-5586-4D16-A359-7E0FEB862DE9}.Debug|Any CPU.ActiveCfg = Debug|Any CPU
		{293B37FE-5586-4D16-A359-7E0FEB862DE9}.Debug|Any CPU.Build.0 = Debug|Any CPU
		{293B37FE-5586-4D16-A359-7E0FEB862DE9}.Release|Any CPU.ActiveCfg = Release|Any CPU
		{293B37FE-5586-4D16-A359-7E0FEB862DE9}.Release|Any CPU.Build.0 = Release|Any CPU
		{A0AE8B2C-F702-4CA5-9D23-7D603B511A65}.Debug|Any CPU.ActiveCfg = Debug|Any CPU
		{A0AE8B2C-F702-4CA5-9D23-7D603B511A65}.Debug|Any CPU.Build.0 = Debug|Any CPU
		{A0AE8B2C-F702-4CA5-9D23-7D603B511A65}.Release|Any CPU.ActiveCfg = Release|Any CPU
		{A0AE8B2C-F702-4CA5-9D23-7D603B511A65}.Release|Any CPU.Build.0 = Release|Any CPU
	EndGlobalSection
	GlobalSection(SolutionProperties) = preSolution
		HideSolutionNode = FALSE
	EndGlobalSection
	GlobalSection(ExtensibilityGlobals) = postSolution
		SolutionGuid = {8B71D65C-D6DA-4E98-9CD8-4A30C4921967}
	EndGlobalSection
EndGlobal
